// !$*UTF8*$!
{
	archiveVersion = 1;
	classes = {
	};
	objectVersion = 51;
	objects = {

/* Begin PBXBuildFile section */
		270C76C823EC4BD000AC75EB /* AppDelegate.swift in Sources */ = {isa = PBXBuildFile; fileRef = 270C76C723EC4BD000AC75EB /* AppDelegate.swift */; };
		270C76CA23EC4BD000AC75EB /* SceneDelegate.swift in Sources */ = {isa = PBXBuildFile; fileRef = 270C76C923EC4BD000AC75EB /* SceneDelegate.swift */; };
		270C76CC23EC4BD000AC75EB /* MainViewController.swift in Sources */ = {isa = PBXBuildFile; fileRef = 270C76CB23EC4BD000AC75EB /* MainViewController.swift */; };
		270C76CF23EC4BD000AC75EB /* Main.storyboard in Resources */ = {isa = PBXBuildFile; fileRef = 270C76CD23EC4BD000AC75EB /* Main.storyboard */; };
		270C76D123EC4BD200AC75EB /* Assets.xcassets in Resources */ = {isa = PBXBuildFile; fileRef = 270C76D023EC4BD200AC75EB /* Assets.xcassets */; };
		270C76D423EC4BD200AC75EB /* LaunchScreen.storyboard in Resources */ = {isa = PBXBuildFile; fileRef = 270C76D223EC4BD200AC75EB /* LaunchScreen.storyboard */; };
		270C76DF23EC4BD200AC75EB /* MeteoInfosTests.swift in Sources */ = {isa = PBXBuildFile; fileRef = 270C76DE23EC4BD200AC75EB /* MeteoInfosTests.swift */; };
		270C76EA23EC4BD200AC75EB /* MeteoInfosUITests.swift in Sources */ = {isa = PBXBuildFile; fileRef = 270C76E923EC4BD200AC75EB /* MeteoInfosUITests.swift */; };
		270C76FB23EC4E0B00AC75EB /* ApiService.swift in Sources */ = {isa = PBXBuildFile; fileRef = 270C76FA23EC4E0B00AC75EB /* ApiService.swift */; };
		270C76FD23EC516200AC75EB /* DailyPrevisions.swift in Sources */ = {isa = PBXBuildFile; fileRef = 270C76FC23EC516200AC75EB /* DailyPrevisions.swift */; };
		270C76FF23EC7E9800AC75EB /* PrevisionCell.swift in Sources */ = {isa = PBXBuildFile; fileRef = 270C76FE23EC7E9800AC75EB /* PrevisionCell.swift */; };
		270C770123ECC74D00AC75EB /* CacheManager.swift in Sources */ = {isa = PBXBuildFile; fileRef = 270C770023ECC74D00AC75EB /* CacheManager.swift */; };
		270C770323EE03B900AC75EB /* DailyPrevisionVC.swift in Sources */ = {isa = PBXBuildFile; fileRef = 270C770223EE03B900AC75EB /* DailyPrevisionVC.swift */; };
		270C770623EE121900AC75EB /* ImageHelper.swift in Sources */ = {isa = PBXBuildFile; fileRef = 270C770523EE121900AC75EB /* ImageHelper.swift */; };
		270C770823EE12F900AC75EB /* PrevisionHelper.swift in Sources */ = {isa = PBXBuildFile; fileRef = 270C770723EE12F900AC75EB /* PrevisionHelper.swift */; };
		270C770B23EE1A0F00AC75EB /* UIImageExtension.swift in Sources */ = {isa = PBXBuildFile; fileRef = 270C770A23EE1A0F00AC75EB /* UIImageExtension.swift */; };
		270C770D23EE1A4700AC75EB /* SequenceExtension.swift in Sources */ = {isa = PBXBuildFile; fileRef = 270C770C23EE1A4700AC75EB /* SequenceExtension.swift */; };
		270C770F23EE1A7000AC75EB /* DoubleExtension.swift in Sources */ = {isa = PBXBuildFile; fileRef = 270C770E23EE1A7000AC75EB /* DoubleExtension.swift */; };
		270C771123EE1A8F00AC75EB /* UIImageViewExtension.swift in Sources */ = {isa = PBXBuildFile; fileRef = 270C771023EE1A8F00AC75EB /* UIImageViewExtension.swift */; };
		270C771323EE1AF700AC75EB /* ConversionHelper.swift in Sources */ = {isa = PBXBuildFile; fileRef = 270C771223EE1AF700AC75EB /* ConversionHelper.swift */; };
		270C771523EE27F500AC75EB /* ApiResponse.swift in Sources */ = {isa = PBXBuildFile; fileRef = 270C771423EE27F500AC75EB /* ApiResponse.swift */; };
		270C771723EE28F900AC75EB /* WeatherType.swift in Sources */ = {isa = PBXBuildFile; fileRef = 270C771623EE28F900AC75EB /* WeatherType.swift */; };
		270C771923EE292600AC75EB /* Prevision.swift in Sources */ = {isa = PBXBuildFile; fileRef = 270C771823EE292600AC75EB /* Prevision.swift */; };
		270C771C23F041F800AC75EB /* ReachabilityHelper.swift in Sources */ = {isa = PBXBuildFile; fileRef = 270C771B23F041F800AC75EB /* ReachabilityHelper.swift */; };
		270C772023F06F1F00AC75EB /* ApplicationError.swift in Sources */ = {isa = PBXBuildFile; fileRef = 270C771F23F06F1F00AC75EB /* ApplicationError.swift */; };
		270C772323F07BEB00AC75EB /* DoubleExtension.swift in Sources */ = {isa = PBXBuildFile; fileRef = 270C772223F07BEB00AC75EB /* DoubleExtension.swift */; };
		270C772523F07C4200AC75EB /* SequenceExtension.swift in Sources */ = {isa = PBXBuildFile; fileRef = 270C772423F07C4200AC75EB /* SequenceExtension.swift */; };
		270C772823F07C9400AC75EB /* UIImageViewExtension.swift in Sources */ = {isa = PBXBuildFile; fileRef = 270C772723F07C9400AC75EB /* UIImageViewExtension.swift */; };
		270C772D23F07F7E00AC75EB /* ConvertionHelper.swift in Sources */ = {isa = PBXBuildFile; fileRef = 270C772C23F07F7E00AC75EB /* ConvertionHelper.swift */; };
		270C772F23F080BB00AC75EB /* PrevisionHelper.swift in Sources */ = {isa = PBXBuildFile; fileRef = 270C772E23F080BB00AC75EB /* PrevisionHelper.swift */; };
		8C3E21BA91D182FAF015233E /* Pods_MeteoInfos.framework in Frameworks */ = {isa = PBXBuildFile; fileRef = 37D36160A1E697A629D9BD41 /* Pods_MeteoInfos.framework */; };
/* End PBXBuildFile section */

/* Begin PBXContainerItemProxy section */
		270C76DB23EC4BD200AC75EB /* PBXContainerItemProxy */ = {
			isa = PBXContainerItemProxy;
			containerPortal = 270C76BC23EC4BD000AC75EB /* Project object */;
			proxyType = 1;
			remoteGlobalIDString = 270C76C323EC4BD000AC75EB;
			remoteInfo = MeteoInfos;
		};
		270C76E623EC4BD200AC75EB /* PBXContainerItemProxy */ = {
			isa = PBXContainerItemProxy;
			containerPortal = 270C76BC23EC4BD000AC75EB /* Project object */;
			proxyType = 1;
			remoteGlobalIDString = 270C76C323EC4BD000AC75EB;
			remoteInfo = MeteoInfos;
		};
/* End PBXContainerItemProxy section */

/* Begin PBXFileReference section */
		270C76C423EC4BD000AC75EB /* MeteoInfos.app */ = {isa = PBXFileReference; explicitFileType = wrapper.application; includeInIndex = 0; path = MeteoInfos.app; sourceTree = BUILT_PRODUCTS_DIR; };
		270C76C723EC4BD000AC75EB /* AppDelegate.swift */ = {isa = PBXFileReference; lastKnownFileType = sourcecode.swift; path = AppDelegate.swift; sourceTree = "<group>"; };
		270C76C923EC4BD000AC75EB /* SceneDelegate.swift */ = {isa = PBXFileReference; lastKnownFileType = sourcecode.swift; path = SceneDelegate.swift; sourceTree = "<group>"; };
		270C76CB23EC4BD000AC75EB /* MainViewController.swift */ = {isa = PBXFileReference; lastKnownFileType = sourcecode.swift; path = MainViewController.swift; sourceTree = "<group>"; };
		270C76CE23EC4BD000AC75EB /* Base */ = {isa = PBXFileReference; lastKnownFileType = file.storyboard; name = Base; path = Base.lproj/Main.storyboard; sourceTree = "<group>"; };
		270C76D023EC4BD200AC75EB /* Assets.xcassets */ = {isa = PBXFileReference; lastKnownFileType = folder.assetcatalog; path = Assets.xcassets; sourceTree = "<group>"; };
		270C76D323EC4BD200AC75EB /* Base */ = {isa = PBXFileReference; lastKnownFileType = file.storyboard; name = Base; path = Base.lproj/LaunchScreen.storyboard; sourceTree = "<group>"; };
		270C76D523EC4BD200AC75EB /* Info.plist */ = {isa = PBXFileReference; lastKnownFileType = text.plist.xml; path = Info.plist; sourceTree = "<group>"; };
		270C76DA23EC4BD200AC75EB /* MeteoInfosTests.xctest */ = {isa = PBXFileReference; explicitFileType = wrapper.cfbundle; includeInIndex = 0; path = MeteoInfosTests.xctest; sourceTree = BUILT_PRODUCTS_DIR; };
		270C76DE23EC4BD200AC75EB /* MeteoInfosTests.swift */ = {isa = PBXFileReference; lastKnownFileType = sourcecode.swift; path = MeteoInfosTests.swift; sourceTree = "<group>"; };
		270C76E023EC4BD200AC75EB /* Info.plist */ = {isa = PBXFileReference; lastKnownFileType = text.plist.xml; path = Info.plist; sourceTree = "<group>"; };
		270C76E523EC4BD200AC75EB /* MeteoInfosUITests.xctest */ = {isa = PBXFileReference; explicitFileType = wrapper.cfbundle; includeInIndex = 0; path = MeteoInfosUITests.xctest; sourceTree = BUILT_PRODUCTS_DIR; };
		270C76E923EC4BD200AC75EB /* MeteoInfosUITests.swift */ = {isa = PBXFileReference; lastKnownFileType = sourcecode.swift; path = MeteoInfosUITests.swift; sourceTree = "<group>"; };
		270C76EB23EC4BD200AC75EB /* Info.plist */ = {isa = PBXFileReference; lastKnownFileType = text.plist.xml; path = Info.plist; sourceTree = "<group>"; };
		270C76FA23EC4E0B00AC75EB /* ApiService.swift */ = {isa = PBXFileReference; lastKnownFileType = sourcecode.swift; path = ApiService.swift; sourceTree = "<group>"; };
		270C76FC23EC516200AC75EB /* DailyPrevisions.swift */ = {isa = PBXFileReference; lastKnownFileType = sourcecode.swift; path = DailyPrevisions.swift; sourceTree = "<group>"; };
		270C76FE23EC7E9800AC75EB /* PrevisionCell.swift */ = {isa = PBXFileReference; lastKnownFileType = sourcecode.swift; path = PrevisionCell.swift; sourceTree = "<group>"; };
		270C770023ECC74D00AC75EB /* CacheManager.swift */ = {isa = PBXFileReference; lastKnownFileType = sourcecode.swift; path = CacheManager.swift; sourceTree = "<group>"; };
		270C770223EE03B900AC75EB /* DailyPrevisionVC.swift */ = {isa = PBXFileReference; lastKnownFileType = sourcecode.swift; path = DailyPrevisionVC.swift; sourceTree = "<group>"; };
		270C770523EE121900AC75EB /* ImageHelper.swift */ = {isa = PBXFileReference; lastKnownFileType = sourcecode.swift; path = ImageHelper.swift; sourceTree = "<group>"; };
		270C770723EE12F900AC75EB /* PrevisionHelper.swift */ = {isa = PBXFileReference; lastKnownFileType = sourcecode.swift; path = PrevisionHelper.swift; sourceTree = "<group>"; };
		270C770A23EE1A0F00AC75EB /* UIImageExtension.swift */ = {isa = PBXFileReference; lastKnownFileType = sourcecode.swift; path = UIImageExtension.swift; sourceTree = "<group>"; };
		270C770C23EE1A4700AC75EB /* SequenceExtension.swift */ = {isa = PBXFileReference; lastKnownFileType = sourcecode.swift; path = SequenceExtension.swift; sourceTree = "<group>"; };
		270C770E23EE1A7000AC75EB /* DoubleExtension.swift */ = {isa = PBXFileReference; lastKnownFileType = sourcecode.swift; path = DoubleExtension.swift; sourceTree = "<group>"; };
		270C771023EE1A8F00AC75EB /* UIImageViewExtension.swift */ = {isa = PBXFileReference; lastKnownFileType = sourcecode.swift; path = UIImageViewExtension.swift; sourceTree = "<group>"; };
		270C771223EE1AF700AC75EB /* ConversionHelper.swift */ = {isa = PBXFileReference; lastKnownFileType = sourcecode.swift; path = ConversionHelper.swift; sourceTree = "<group>"; };
		270C771423EE27F500AC75EB /* ApiResponse.swift */ = {isa = PBXFileReference; lastKnownFileType = sourcecode.swift; path = ApiResponse.swift; sourceTree = "<group>"; };
		270C771623EE28F900AC75EB /* WeatherType.swift */ = {isa = PBXFileReference; lastKnownFileType = sourcecode.swift; path = WeatherType.swift; sourceTree = "<group>"; };
		270C771823EE292600AC75EB /* Prevision.swift */ = {isa = PBXFileReference; lastKnownFileType = sourcecode.swift; path = Prevision.swift; sourceTree = "<group>"; };
		270C771B23F041F800AC75EB /* ReachabilityHelper.swift */ = {isa = PBXFileReference; lastKnownFileType = sourcecode.swift; path = ReachabilityHelper.swift; sourceTree = "<group>"; };
		270C771F23F06F1F00AC75EB /* ApplicationError.swift */ = {isa = PBXFileReference; lastKnownFileType = sourcecode.swift; path = ApplicationError.swift; sourceTree = "<group>"; };
		270C772223F07BEB00AC75EB /* DoubleExtension.swift */ = {isa = PBXFileReference; lastKnownFileType = sourcecode.swift; path = DoubleExtension.swift; sourceTree = "<group>"; };
		270C772423F07C4200AC75EB /* SequenceExtension.swift */ = {isa = PBXFileReference; lastKnownFileType = sourcecode.swift; path = SequenceExtension.swift; sourceTree = "<group>"; };
		270C772723F07C9400AC75EB /* UIImageViewExtension.swift */ = {isa = PBXFileReference; lastKnownFileType = sourcecode.swift; path = UIImageViewExtension.swift; sourceTree = "<group>"; };
		270C772C23F07F7E00AC75EB /* ConvertionHelper.swift */ = {isa = PBXFileReference; lastKnownFileType = sourcecode.swift; path = ConvertionHelper.swift; sourceTree = "<group>"; };
		270C772E23F080BB00AC75EB /* PrevisionHelper.swift */ = {isa = PBXFileReference; lastKnownFileType = sourcecode.swift; path = PrevisionHelper.swift; sourceTree = "<group>"; };
		37D36160A1E697A629D9BD41 /* Pods_MeteoInfos.framework */ = {isa = PBXFileReference; explicitFileType = wrapper.framework; includeInIndex = 0; path = Pods_MeteoInfos.framework; sourceTree = BUILT_PRODUCTS_DIR; };
		D68177DE87B6CCB474FB59E5 /* Pods-MeteoInfos.debug.xcconfig */ = {isa = PBXFileReference; includeInIndex = 1; lastKnownFileType = text.xcconfig; name = "Pods-MeteoInfos.debug.xcconfig"; path = "Target Support Files/Pods-MeteoInfos/Pods-MeteoInfos.debug.xcconfig"; sourceTree = "<group>"; };
		E403E3D09F8A25C6C5FA67DA /* Pods-MeteoInfos.release.xcconfig */ = {isa = PBXFileReference; includeInIndex = 1; lastKnownFileType = text.xcconfig; name = "Pods-MeteoInfos.release.xcconfig"; path = "Target Support Files/Pods-MeteoInfos/Pods-MeteoInfos.release.xcconfig"; sourceTree = "<group>"; };
/* End PBXFileReference section */

/* Begin PBXFrameworksBuildPhase section */
		270C76C123EC4BD000AC75EB /* Frameworks */ = {
			isa = PBXFrameworksBuildPhase;
			buildActionMask = 2147483647;
			files = (
				8C3E21BA91D182FAF015233E /* Pods_MeteoInfos.framework in Frameworks */,
			);
			runOnlyForDeploymentPostprocessing = 0;
		};
		270C76D723EC4BD200AC75EB /* Frameworks */ = {
			isa = PBXFrameworksBuildPhase;
			buildActionMask = 2147483647;
			files = (
			);
			runOnlyForDeploymentPostprocessing = 0;
		};
		270C76E223EC4BD200AC75EB /* Frameworks */ = {
			isa = PBXFrameworksBuildPhase;
			buildActionMask = 2147483647;
			files = (
			);
			runOnlyForDeploymentPostprocessing = 0;
		};
/* End PBXFrameworksBuildPhase section */

/* Begin PBXGroup section */
		270C76BB23EC4BD000AC75EB = {
			isa = PBXGroup;
			children = (
				270C76C623EC4BD000AC75EB /* MeteoInfos */,
				270C76DD23EC4BD200AC75EB /* MeteoInfosTests */,
				270C76E823EC4BD200AC75EB /* MeteoInfosUITests */,
				270C76C523EC4BD000AC75EB /* Products */,
				E85D56BB2F924AE158905ADF /* Pods */,
				8BF57E6B783BA573AFE4FCD5 /* Frameworks */,
			);
			sourceTree = "<group>";
		};
		270C76C523EC4BD000AC75EB /* Products */ = {
			isa = PBXGroup;
			children = (
				270C76C423EC4BD000AC75EB /* MeteoInfos.app */,
				270C76DA23EC4BD200AC75EB /* MeteoInfosTests.xctest */,
				270C76E523EC4BD200AC75EB /* MeteoInfosUITests.xctest */,
			);
			name = Products;
			sourceTree = "<group>";
		};
		270C76C623EC4BD000AC75EB /* MeteoInfos */ = {
			isa = PBXGroup;
			children = (
				270C770923EE19FE00AC75EB /* extensions */,
				270C770423EE120A00AC75EB /* helpers */,
				270C76F823EC4C9C00AC75EB /* models */,
				270C76F723EC4C8000AC75EB /* services */,
				270C771A23EE299600AC75EB /* views */,
				270C76C723EC4BD000AC75EB /* AppDelegate.swift */,
				270C76C923EC4BD000AC75EB /* SceneDelegate.swift */,
				270C76CD23EC4BD000AC75EB /* Main.storyboard */,
				270C76D023EC4BD200AC75EB /* Assets.xcassets */,
				270C76D223EC4BD200AC75EB /* LaunchScreen.storyboard */,
				270C76D523EC4BD200AC75EB /* Info.plist */,
			);
			path = MeteoInfos;
			sourceTree = "<group>";
		};
		270C76DD23EC4BD200AC75EB /* MeteoInfosTests */ = {
			isa = PBXGroup;
			children = (
				270C772B23F07F6D00AC75EB /* helpers */,
				270C772123F07BD400AC75EB /* extensions */,
				270C76DE23EC4BD200AC75EB /* MeteoInfosTests.swift */,
				270C76E023EC4BD200AC75EB /* Info.plist */,
			);
			path = MeteoInfosTests;
			sourceTree = "<group>";
		};
		270C76E823EC4BD200AC75EB /* MeteoInfosUITests */ = {
			isa = PBXGroup;
			children = (
				270C76E923EC4BD200AC75EB /* MeteoInfosUITests.swift */,
				270C76EB23EC4BD200AC75EB /* Info.plist */,
			);
			path = MeteoInfosUITests;
			sourceTree = "<group>";
		};
		270C76F723EC4C8000AC75EB /* services */ = {
			isa = PBXGroup;
			children = (
				270C76FA23EC4E0B00AC75EB /* ApiService.swift */,
				270C770023ECC74D00AC75EB /* CacheManager.swift */,
			);
			path = services;
			sourceTree = "<group>";
		};
		270C76F823EC4C9C00AC75EB /* models */ = {
			isa = PBXGroup;
			children = (
				270C771423EE27F500AC75EB /* ApiResponse.swift */,
				270C76FC23EC516200AC75EB /* DailyPrevisions.swift */,
				270C771823EE292600AC75EB /* Prevision.swift */,
				270C771623EE28F900AC75EB /* WeatherType.swift */,
			);
			path = models;
			sourceTree = "<group>";
		};
		270C770423EE120A00AC75EB /* helpers */ = {
			isa = PBXGroup;
			children = (
				270C771223EE1AF700AC75EB /* ConversionHelper.swift */,
				270C770523EE121900AC75EB /* ImageHelper.swift */,
				270C770723EE12F900AC75EB /* PrevisionHelper.swift */,
				270C771B23F041F800AC75EB /* ReachabilityHelper.swift */,
				270C771F23F06F1F00AC75EB /* ApplicationError.swift */,
			);
			path = helpers;
			sourceTree = "<group>";
		};
		270C770923EE19FE00AC75EB /* extensions */ = {
			isa = PBXGroup;
			children = (
				270C770E23EE1A7000AC75EB /* DoubleExtension.swift */,
				270C770C23EE1A4700AC75EB /* SequenceExtension.swift */,
				270C770A23EE1A0F00AC75EB /* UIImageExtension.swift */,
				270C771023EE1A8F00AC75EB /* UIImageViewExtension.swift */,
			);
			path = extensions;
			sourceTree = "<group>";
		};
		270C771A23EE299600AC75EB /* views */ = {
			isa = PBXGroup;
			children = (
				270C770223EE03B900AC75EB /* DailyPrevisionVC.swift */,
				270C76CB23EC4BD000AC75EB /* MainViewController.swift */,
				270C76FE23EC7E9800AC75EB /* PrevisionCell.swift */,
			);
			path = views;
			sourceTree = "<group>";
		};
		270C772123F07BD400AC75EB /* extensions */ = {
			isa = PBXGroup;
			children = (
				270C772223F07BEB00AC75EB /* DoubleExtension.swift */,
				270C772423F07C4200AC75EB /* SequenceExtension.swift */,
				270C772723F07C9400AC75EB /* UIImageViewExtension.swift */,
			);
			path = extensions;
			sourceTree = "<group>";
		};
		270C772B23F07F6D00AC75EB /* helpers */ = {
			isa = PBXGroup;
			children = (
				270C772C23F07F7E00AC75EB /* ConvertionHelper.swift */,
				270C772E23F080BB00AC75EB /* PrevisionHelper.swift */,
			);
			path = helpers;
			sourceTree = "<group>";
		};
		8BF57E6B783BA573AFE4FCD5 /* Frameworks */ = {
			isa = PBXGroup;
			children = (
				37D36160A1E697A629D9BD41 /* Pods_MeteoInfos.framework */,
			);
			name = Frameworks;
			sourceTree = "<group>";
		};
		E85D56BB2F924AE158905ADF /* Pods */ = {
			isa = PBXGroup;
			children = (
				D68177DE87B6CCB474FB59E5 /* Pods-MeteoInfos.debug.xcconfig */,
				E403E3D09F8A25C6C5FA67DA /* Pods-MeteoInfos.release.xcconfig */,
			);
			path = Pods;
			sourceTree = "<group>";
		};
/* End PBXGroup section */

/* Begin PBXNativeTarget section */
		270C76C323EC4BD000AC75EB /* MeteoInfos */ = {
			isa = PBXNativeTarget;
			buildConfigurationList = 270C76EE23EC4BD200AC75EB /* Build configuration list for PBXNativeTarget "MeteoInfos" */;
			buildPhases = (
				73117EB56F43C1D6F7384680 /* [CP] Check Pods Manifest.lock */,
				270C76C023EC4BD000AC75EB /* Sources */,
				270C76C123EC4BD000AC75EB /* Frameworks */,
				270C76C223EC4BD000AC75EB /* Resources */,
				CAE18336F9E4F2C5DA0A8ED4 /* [CP] Embed Pods Frameworks */,
			);
			buildRules = (
			);
			dependencies = (
			);
			name = MeteoInfos;
			productName = MeteoInfos;
			productReference = 270C76C423EC4BD000AC75EB /* MeteoInfos.app */;
			productType = "com.apple.product-type.application";
		};
		270C76D923EC4BD200AC75EB /* MeteoInfosTests */ = {
			isa = PBXNativeTarget;
			buildConfigurationList = 270C76F123EC4BD200AC75EB /* Build configuration list for PBXNativeTarget "MeteoInfosTests" */;
			buildPhases = (
				270C76D623EC4BD200AC75EB /* Sources */,
				270C76D723EC4BD200AC75EB /* Frameworks */,
				270C76D823EC4BD200AC75EB /* Resources */,
			);
			buildRules = (
			);
			dependencies = (
				270C76DC23EC4BD200AC75EB /* PBXTargetDependency */,
			);
			name = MeteoInfosTests;
			productName = MeteoInfosTests;
			productReference = 270C76DA23EC4BD200AC75EB /* MeteoInfosTests.xctest */;
			productType = "com.apple.product-type.bundle.unit-test";
		};
		270C76E423EC4BD200AC75EB /* MeteoInfosUITests */ = {
			isa = PBXNativeTarget;
			buildConfigurationList = 270C76F423EC4BD200AC75EB /* Build configuration list for PBXNativeTarget "MeteoInfosUITests" */;
			buildPhases = (
				270C76E123EC4BD200AC75EB /* Sources */,
				270C76E223EC4BD200AC75EB /* Frameworks */,
				270C76E323EC4BD200AC75EB /* Resources */,
			);
			buildRules = (
			);
			dependencies = (
				270C76E723EC4BD200AC75EB /* PBXTargetDependency */,
			);
			name = MeteoInfosUITests;
			productName = MeteoInfosUITests;
			productReference = 270C76E523EC4BD200AC75EB /* MeteoInfosUITests.xctest */;
			productType = "com.apple.product-type.bundle.ui-testing";
		};
/* End PBXNativeTarget section */

/* Begin PBXProject section */
		270C76BC23EC4BD000AC75EB /* Project object */ = {
			isa = PBXProject;
			attributes = {
				LastSwiftUpdateCheck = 1130;
				LastUpgradeCheck = 1130;
				ORGANIZATIONNAME = "Nicolas Moranny";
				TargetAttributes = {
					270C76C323EC4BD000AC75EB = {
						CreatedOnToolsVersion = 11.3.1;
					};
					270C76D923EC4BD200AC75EB = {
						CreatedOnToolsVersion = 11.3.1;
						TestTargetID = 270C76C323EC4BD000AC75EB;
					};
					270C76E423EC4BD200AC75EB = {
						CreatedOnToolsVersion = 11.3.1;
						TestTargetID = 270C76C323EC4BD000AC75EB;
					};
				};
			};
			buildConfigurationList = 270C76BF23EC4BD000AC75EB /* Build configuration list for PBXProject "MeteoInfos" */;
			compatibilityVersion = "Xcode 9.3";
			developmentRegion = en;
			hasScannedForEncodings = 0;
			knownRegions = (
				en,
				Base,
			);
			mainGroup = 270C76BB23EC4BD000AC75EB;
			productRefGroup = 270C76C523EC4BD000AC75EB /* Products */;
			projectDirPath = "";
			projectRoot = "";
			targets = (
				270C76C323EC4BD000AC75EB /* MeteoInfos */,
				270C76D923EC4BD200AC75EB /* MeteoInfosTests */,
				270C76E423EC4BD200AC75EB /* MeteoInfosUITests */,
			);
		};
/* End PBXProject section */

/* Begin PBXResourcesBuildPhase section */
		270C76C223EC4BD000AC75EB /* Resources */ = {
			isa = PBXResourcesBuildPhase;
			buildActionMask = 2147483647;
			files = (
				270C76D423EC4BD200AC75EB /* LaunchScreen.storyboard in Resources */,
				270C76D123EC4BD200AC75EB /* Assets.xcassets in Resources */,
				270C76CF23EC4BD000AC75EB /* Main.storyboard in Resources */,
			);
			runOnlyForDeploymentPostprocessing = 0;
		};
		270C76D823EC4BD200AC75EB /* Resources */ = {
			isa = PBXResourcesBuildPhase;
			buildActionMask = 2147483647;
			files = (
			);
			runOnlyForDeploymentPostprocessing = 0;
		};
		270C76E323EC4BD200AC75EB /* Resources */ = {
			isa = PBXResourcesBuildPhase;
			buildActionMask = 2147483647;
			files = (
			);
			runOnlyForDeploymentPostprocessing = 0;
		};
/* End PBXResourcesBuildPhase section */

/* Begin PBXShellScriptBuildPhase section */
		73117EB56F43C1D6F7384680 /* [CP] Check Pods Manifest.lock */ = {
			isa = PBXShellScriptBuildPhase;
			buildActionMask = 2147483647;
			files = (
			);
			inputFileListPaths = (
			);
			inputPaths = (
				"${PODS_PODFILE_DIR_PATH}/Podfile.lock",
				"${PODS_ROOT}/Manifest.lock",
			);
			name = "[CP] Check Pods Manifest.lock";
			outputFileListPaths = (
			);
			outputPaths = (
				"$(DERIVED_FILE_DIR)/Pods-MeteoInfos-checkManifestLockResult.txt",
			);
			runOnlyForDeploymentPostprocessing = 0;
			shellPath = /bin/sh;
			shellScript = "diff \"${PODS_PODFILE_DIR_PATH}/Podfile.lock\" \"${PODS_ROOT}/Manifest.lock\" > /dev/null\nif [ $? != 0 ] ; then\n    # print error to STDERR\n    echo \"error: The sandbox is not in sync with the Podfile.lock. Run 'pod install' or update your CocoaPods installation.\" >&2\n    exit 1\nfi\n# This output is used by Xcode 'outputs' to avoid re-running this script phase.\necho \"SUCCESS\" > \"${SCRIPT_OUTPUT_FILE_0}\"\n";
			showEnvVarsInLog = 0;
		};
		CAE18336F9E4F2C5DA0A8ED4 /* [CP] Embed Pods Frameworks */ = {
			isa = PBXShellScriptBuildPhase;
			buildActionMask = 2147483647;
			files = (
			);
			inputFileListPaths = (
				"${PODS_ROOT}/Target Support Files/Pods-MeteoInfos/Pods-MeteoInfos-frameworks-${CONFIGURATION}-input-files.xcfilelist",
			);
			name = "[CP] Embed Pods Frameworks";
			outputFileListPaths = (
				"${PODS_ROOT}/Target Support Files/Pods-MeteoInfos/Pods-MeteoInfos-frameworks-${CONFIGURATION}-output-files.xcfilelist",
			);
			runOnlyForDeploymentPostprocessing = 0;
			shellPath = /bin/sh;
			shellScript = "\"${PODS_ROOT}/Target Support Files/Pods-MeteoInfos/Pods-MeteoInfos-frameworks.sh\"\n";
			showEnvVarsInLog = 0;
		};
/* End PBXShellScriptBuildPhase section */

/* Begin PBXSourcesBuildPhase section */
		270C76C023EC4BD000AC75EB /* Sources */ = {
			isa = PBXSourcesBuildPhase;
			buildActionMask = 2147483647;
			files = (
				270C770D23EE1A4700AC75EB /* SequenceExtension.swift in Sources */,
				270C76CC23EC4BD000AC75EB /* MainViewController.swift in Sources */,
				270C76FD23EC516200AC75EB /* DailyPrevisions.swift in Sources */,
				270C770623EE121900AC75EB /* ImageHelper.swift in Sources */,
				270C76C823EC4BD000AC75EB /* AppDelegate.swift in Sources */,
				270C771523EE27F500AC75EB /* ApiResponse.swift in Sources */,
				270C770B23EE1A0F00AC75EB /* UIImageExtension.swift in Sources */,
				270C771923EE292600AC75EB /* Prevision.swift in Sources */,
				270C76CA23EC4BD000AC75EB /* SceneDelegate.swift in Sources */,
				270C770323EE03B900AC75EB /* DailyPrevisionVC.swift in Sources */,
				270C771C23F041F800AC75EB /* ReachabilityHelper.swift in Sources */,
				270C771123EE1A8F00AC75EB /* UIImageViewExtension.swift in Sources */,
				270C770F23EE1A7000AC75EB /* DoubleExtension.swift in Sources */,
				270C771323EE1AF700AC75EB /* ConversionHelper.swift in Sources */,
				270C76FB23EC4E0B00AC75EB /* ApiService.swift in Sources */,
				270C770823EE12F900AC75EB /* PrevisionHelper.swift in Sources */,
				270C76FF23EC7E9800AC75EB /* PrevisionCell.swift in Sources */,
				270C771723EE28F900AC75EB /* WeatherType.swift in Sources */,
				270C770123ECC74D00AC75EB /* CacheManager.swift in Sources */,
				270C772023F06F1F00AC75EB /* ApplicationError.swift in Sources */,
			);
			runOnlyForDeploymentPostprocessing = 0;
		};
		270C76D623EC4BD200AC75EB /* Sources */ = {
			isa = PBXSourcesBuildPhase;
			buildActionMask = 2147483647;
			files = (
				270C772523F07C4200AC75EB /* SequenceExtension.swift in Sources */,
				270C772323F07BEB00AC75EB /* DoubleExtension.swift in Sources */,
				270C772823F07C9400AC75EB /* UIImageViewExtension.swift in Sources */,
				270C772F23F080BB00AC75EB /* PrevisionHelper.swift in Sources */,
				270C772D23F07F7E00AC75EB /* ConvertionHelper.swift in Sources */,
				270C76DF23EC4BD200AC75EB /* MeteoInfosTests.swift in Sources */,
			);
			runOnlyForDeploymentPostprocessing = 0;
		};
		270C76E123EC4BD200AC75EB /* Sources */ = {
			isa = PBXSourcesBuildPhase;
			buildActionMask = 2147483647;
			files = (
				270C76EA23EC4BD200AC75EB /* MeteoInfosUITests.swift in Sources */,
			);
			runOnlyForDeploymentPostprocessing = 0;
		};
/* End PBXSourcesBuildPhase section */

/* Begin PBXTargetDependency section */
		270C76DC23EC4BD200AC75EB /* PBXTargetDependency */ = {
			isa = PBXTargetDependency;
			target = 270C76C323EC4BD000AC75EB /* MeteoInfos */;
			targetProxy = 270C76DB23EC4BD200AC75EB /* PBXContainerItemProxy */;
		};
		270C76E723EC4BD200AC75EB /* PBXTargetDependency */ = {
			isa = PBXTargetDependency;
			target = 270C76C323EC4BD000AC75EB /* MeteoInfos */;
			targetProxy = 270C76E623EC4BD200AC75EB /* PBXContainerItemProxy */;
		};
/* End PBXTargetDependency section */

/* Begin PBXVariantGroup section */
		270C76CD23EC4BD000AC75EB /* Main.storyboard */ = {
			isa = PBXVariantGroup;
			children = (
				270C76CE23EC4BD000AC75EB /* Base */,
			);
			name = Main.storyboard;
			sourceTree = "<group>";
		};
		270C76D223EC4BD200AC75EB /* LaunchScreen.storyboard */ = {
			isa = PBXVariantGroup;
			children = (
				270C76D323EC4BD200AC75EB /* Base */,
			);
			name = LaunchScreen.storyboard;
			sourceTree = "<group>";
		};
/* End PBXVariantGroup section */

/* Begin XCBuildConfiguration section */
		270C76EC23EC4BD200AC75EB /* Debug */ = {
			isa = XCBuildConfiguration;
			buildSettings = {
				ALWAYS_SEARCH_USER_PATHS = NO;
				CLANG_ANALYZER_NONNULL = YES;
				CLANG_ANALYZER_NUMBER_OBJECT_CONVERSION = YES_AGGRESSIVE;
				CLANG_CXX_LANGUAGE_STANDARD = "gnu++14";
				CLANG_CXX_LIBRARY = "libc++";
				CLANG_ENABLE_MODULES = YES;
				CLANG_ENABLE_OBJC_ARC = YES;
				CLANG_ENABLE_OBJC_WEAK = YES;
				CLANG_WARN_BLOCK_CAPTURE_AUTORELEASING = YES;
				CLANG_WARN_BOOL_CONVERSION = YES;
				CLANG_WARN_COMMA = YES;
				CLANG_WARN_CONSTANT_CONVERSION = YES;
				CLANG_WARN_DEPRECATED_OBJC_IMPLEMENTATIONS = YES;
				CLANG_WARN_DIRECT_OBJC_ISA_USAGE = YES_ERROR;
				CLANG_WARN_DOCUMENTATION_COMMENTS = YES;
				CLANG_WARN_EMPTY_BODY = YES;
				CLANG_WARN_ENUM_CONVERSION = YES;
				CLANG_WARN_INFINITE_RECURSION = YES;
				CLANG_WARN_INT_CONVERSION = YES;
				CLANG_WARN_NON_LITERAL_NULL_CONVERSION = YES;
				CLANG_WARN_OBJC_IMPLICIT_RETAIN_SELF = YES;
				CLANG_WARN_OBJC_LITERAL_CONVERSION = YES;
				CLANG_WARN_OBJC_ROOT_CLASS = YES_ERROR;
				CLANG_WARN_RANGE_LOOP_ANALYSIS = YES;
				CLANG_WARN_STRICT_PROTOTYPES = YES;
				CLANG_WARN_SUSPICIOUS_MOVE = YES;
				CLANG_WARN_UNGUARDED_AVAILABILITY = YES_AGGRESSIVE;
				CLANG_WARN_UNREACHABLE_CODE = YES;
				CLANG_WARN__DUPLICATE_METHOD_MATCH = YES;
				COPY_PHASE_STRIP = NO;
				DEBUG_INFORMATION_FORMAT = dwarf;
				ENABLE_STRICT_OBJC_MSGSEND = YES;
				ENABLE_TESTABILITY = YES;
				GCC_C_LANGUAGE_STANDARD = gnu11;
				GCC_DYNAMIC_NO_PIC = NO;
				GCC_NO_COMMON_BLOCKS = YES;
				GCC_OPTIMIZATION_LEVEL = 0;
				GCC_PREPROCESSOR_DEFINITIONS = (
					"DEBUG=1",
					"$(inherited)",
				);
				GCC_WARN_64_TO_32_BIT_CONVERSION = YES;
				GCC_WARN_ABOUT_RETURN_TYPE = YES_ERROR;
				GCC_WARN_UNDECLARED_SELECTOR = YES;
				GCC_WARN_UNINITIALIZED_AUTOS = YES_AGGRESSIVE;
				GCC_WARN_UNUSED_FUNCTION = YES;
				GCC_WARN_UNUSED_VARIABLE = YES;
				IPHONEOS_DEPLOYMENT_TARGET = 13.2;
				MTL_ENABLE_DEBUG_INFO = INCLUDE_SOURCE;
				MTL_FAST_MATH = YES;
				ONLY_ACTIVE_ARCH = YES;
				SDKROOT = iphoneos;
				SWIFT_ACTIVE_COMPILATION_CONDITIONS = DEBUG;
				SWIFT_OPTIMIZATION_LEVEL = "-Onone";
			};
			name = Debug;
		};
		270C76ED23EC4BD200AC75EB /* Release */ = {
			isa = XCBuildConfiguration;
			buildSettings = {
				ALWAYS_SEARCH_USER_PATHS = NO;
				CLANG_ANALYZER_NONNULL = YES;
				CLANG_ANALYZER_NUMBER_OBJECT_CONVERSION = YES_AGGRESSIVE;
				CLANG_CXX_LANGUAGE_STANDARD = "gnu++14";
				CLANG_CXX_LIBRARY = "libc++";
				CLANG_ENABLE_MODULES = YES;
				CLANG_ENABLE_OBJC_ARC = YES;
				CLANG_ENABLE_OBJC_WEAK = YES;
				CLANG_WARN_BLOCK_CAPTURE_AUTORELEASING = YES;
				CLANG_WARN_BOOL_CONVERSION = YES;
				CLANG_WARN_COMMA = YES;
				CLANG_WARN_CONSTANT_CONVERSION = YES;
				CLANG_WARN_DEPRECATED_OBJC_IMPLEMENTATIONS = YES;
				CLANG_WARN_DIRECT_OBJC_ISA_USAGE = YES_ERROR;
				CLANG_WARN_DOCUMENTATION_COMMENTS = YES;
				CLANG_WARN_EMPTY_BODY = YES;
				CLANG_WARN_ENUM_CONVERSION = YES;
				CLANG_WARN_INFINITE_RECURSION = YES;
				CLANG_WARN_INT_CONVERSION = YES;
				CLANG_WARN_NON_LITERAL_NULL_CONVERSION = YES;
				CLANG_WARN_OBJC_IMPLICIT_RETAIN_SELF = YES;
				CLANG_WARN_OBJC_LITERAL_CONVERSION = YES;
				CLANG_WARN_OBJC_ROOT_CLASS = YES_ERROR;
				CLANG_WARN_RANGE_LOOP_ANALYSIS = YES;
				CLANG_WARN_STRICT_PROTOTYPES = YES;
				CLANG_WARN_SUSPICIOUS_MOVE = YES;
				CLANG_WARN_UNGUARDED_AVAILABILITY = YES_AGGRESSIVE;
				CLANG_WARN_UNREACHABLE_CODE = YES;
				CLANG_WARN__DUPLICATE_METHOD_MATCH = YES;
				COPY_PHASE_STRIP = NO;
				DEBUG_INFORMATION_FORMAT = "dwarf-with-dsym";
				ENABLE_NS_ASSERTIONS = NO;
				ENABLE_STRICT_OBJC_MSGSEND = YES;
				GCC_C_LANGUAGE_STANDARD = gnu11;
				GCC_NO_COMMON_BLOCKS = YES;
				GCC_WARN_64_TO_32_BIT_CONVERSION = YES;
				GCC_WARN_ABOUT_RETURN_TYPE = YES_ERROR;
				GCC_WARN_UNDECLARED_SELECTOR = YES;
				GCC_WARN_UNINITIALIZED_AUTOS = YES_AGGRESSIVE;
				GCC_WARN_UNUSED_FUNCTION = YES;
				GCC_WARN_UNUSED_VARIABLE = YES;
				IPHONEOS_DEPLOYMENT_TARGET = 13.2;
				MTL_ENABLE_DEBUG_INFO = NO;
				MTL_FAST_MATH = YES;
				SDKROOT = iphoneos;
				SWIFT_COMPILATION_MODE = wholemodule;
				SWIFT_OPTIMIZATION_LEVEL = "-O";
				VALIDATE_PRODUCT = YES;
			};
			name = Release;
		};
		270C76EF23EC4BD200AC75EB /* Debug */ = {
			isa = XCBuildConfiguration;
			baseConfigurationReference = D68177DE87B6CCB474FB59E5 /* Pods-MeteoInfos.debug.xcconfig */;
			buildSettings = {
				ASSETCATALOG_COMPILER_APPICON_NAME = AppIcon;
				CODE_SIGN_STYLE = Automatic;
				INFOPLIST_FILE = MeteoInfos/Info.plist;
				LD_RUNPATH_SEARCH_PATHS = (
					"$(inherited)",
					"@executable_path/Frameworks",
				);
				PRODUCT_BUNDLE_IDENTIFIER = com.nicolas.MeteoInfos;
				PRODUCT_NAME = "$(TARGET_NAME)";
				SWIFT_VERSION = 5.0;
				TARGETED_DEVICE_FAMILY = "1,2";
			};
			name = Debug;
		};
		270C76F023EC4BD200AC75EB /* Release */ = {
			isa = XCBuildConfiguration;
			baseConfigurationReference = E403E3D09F8A25C6C5FA67DA /* Pods-MeteoInfos.release.xcconfig */;
			buildSettings = {
				ASSETCATALOG_COMPILER_APPICON_NAME = AppIcon;
				CODE_SIGN_STYLE = Automatic;
				INFOPLIST_FILE = MeteoInfos/Info.plist;
				LD_RUNPATH_SEARCH_PATHS = (
					"$(inherited)",
					"@executable_path/Frameworks",
				);
				PRODUCT_BUNDLE_IDENTIFIER = com.nicolas.MeteoInfos;
				PRODUCT_NAME = "$(TARGET_NAME)";
				SWIFT_VERSION = 5.0;
				TARGETED_DEVICE_FAMILY = "1,2";
			};
			name = Release;
		};
		270C76F223EC4BD200AC75EB /* Debug */ = {
			isa = XCBuildConfiguration;
			buildSettings = {
				ALWAYS_EMBED_SWIFT_STANDARD_LIBRARIES = YES;
				BUNDLE_LOADER = "$(TEST_HOST)";
				CODE_SIGN_STYLE = Automatic;
				INFOPLIST_FILE = MeteoInfosTests/Info.plist;
				IPHONEOS_DEPLOYMENT_TARGET = 13.2;
				LD_RUNPATH_SEARCH_PATHS = (
					"$(inherited)",
					"@executable_path/Frameworks",
					"@loader_path/Frameworks",
				);
				PRODUCT_BUNDLE_IDENTIFIER = com.nicolas.MeteoInfosTests;
				PRODUCT_NAME = "$(TARGET_NAME)";
				SWIFT_VERSION = 5.0;
				TARGETED_DEVICE_FAMILY = "1,2";
				TEST_HOST = "$(BUILT_PRODUCTS_DIR)/MeteoInfos.app/MeteoInfos";
			};
			name = Debug;
		};
		270C76F323EC4BD200AC75EB /* Release */ = {
			isa = XCBuildConfiguration;
			buildSettings = {
				ALWAYS_EMBED_SWIFT_STANDARD_LIBRARIES = YES;
				BUNDLE_LOADER = "$(TEST_HOST)";
				CODE_SIGN_STYLE = Automatic;
				INFOPLIST_FILE = MeteoInfosTests/Info.plist;
				IPHONEOS_DEPLOYMENT_TARGET = 13.2;
				LD_RUNPATH_SEARCH_PATHS = (
					"$(inherited)",
					"@executable_path/Frameworks",
					"@loader_path/Frameworks",
				);
				PRODUCT_BUNDLE_IDENTIFIER = com.nicolas.MeteoInfosTests;
				PRODUCT_NAME = "$(TARGET_NAME)";
				SWIFT_VERSION = 5.0;
				TARGETED_DEVICE_FAMILY = "1,2";
				TEST_HOST = "$(BUILT_PRODUCTS_DIR)/MeteoInfos.app/MeteoInfos";
			};
			name = Release;
		};
		270C76F523EC4BD200AC75EB /* Debug */ = {
			isa = XCBuildConfiguration;
			buildSettings = {
				ALWAYS_EMBED_SWIFT_STANDARD_LIBRARIES = YES;
				CODE_SIGN_STYLE = Automatic;
				INFOPLIST_FILE = MeteoInfosUITests/Info.plist;
				LD_RUNPATH_SEARCH_PATHS = (
					"$(inherited)",
					"@executable_path/Frameworks",
					"@loader_path/Frameworks",
				);
				PRODUCT_BUNDLE_IDENTIFIER = com.nicolas.MeteoInfosUITests;
				PRODUCT_NAME = "$(TARGET_NAME)";
				SWIFT_VERSION = 5.0;
				TARGETED_DEVICE_FAMILY = "1,2";
				TEST_TARGET_NAME = MeteoInfos;
			};
			name = Debug;
		};
		270C76F623EC4BD200AC75EB /* Release */ = {
			isa = XCBuildConfiguration;
			buildSettings = {
				ALWAYS_EMBED_SWIFT_STANDARD_LIBRARIES = YES;
				CODE_SIGN_STYLE = Automatic;
				INFOPLIST_FILE = MeteoInfosUITests/Info.plist;
				LD_RUNPATH_SEARCH_PATHS = (
					"$(inherited)",
					"@executable_path/Frameworks",
					"@loader_path/Frameworks",
				);
				PRODUCT_BUNDLE_IDENTIFIER = com.nicolas.MeteoInfosUITests;
				PRODUCT_NAME = "$(TARGET_NAME)";
				SWIFT_VERSION = 5.0;
				TARGETED_DEVICE_FAMILY = "1,2";
				TEST_TARGET_NAME = MeteoInfos;
			};
			name = Release;
		};
/* End XCBuildConfiguration section */

/* Begin XCConfigurationList section */
		270C76BF23EC4BD000AC75EB /* Build configuration list for PBXProject "MeteoInfos" */ = {
			isa = XCConfigurationList;
			buildConfigurations = (
				270C76EC23EC4BD200AC75EB /* Debug */,
				270C76ED23EC4BD200AC75EB /* Release */,
			);
			defaultConfigurationIsVisible = 0;
			defaultConfigurationName = Release;
		};
		270C76EE23EC4BD200AC75EB /* Build configuration list for PBXNativeTarget "MeteoInfos" */ = {
			isa = XCConfigurationList;
			buildConfigurations = (
				270C76EF23EC4BD200AC75EB /* Debug */,
				270C76F023EC4BD200AC75EB /* Release */,
			);
			defaultConfigurationIsVisible = 0;
			defaultConfigurationName = Release;
		};
		270C76F123EC4BD200AC75EB /* Build configuration list for PBXNativeTarget "MeteoInfosTests" */ = {
			isa = XCConfigurationList;
			buildConfigurations = (
				270C76F223EC4BD200AC75EB /* Debug */,
				270C76F323EC4BD200AC75EB /* Release */,
			);
			defaultConfigurationIsVisible = 0;
			defaultConfigurationName = Release;
		};
		270C76F423EC4BD200AC75EB /* Build configuration list for PBXNativeTarget "MeteoInfosUITests" */ = {
			isa = XCConfigurationList;
			buildConfigurations = (
				270C76F523EC4BD200AC75EB /* Debug */,
				270C76F623EC4BD200AC75EB /* Release */,
			);
			defaultConfigurationIsVisible = 0;
			defaultConfigurationName = Release;
		};
/* End XCConfigurationList section */
	};
	rootObject = 270C76BC23EC4BD000AC75EB /* Project object */;
}
